
Microsoft Visual Studio Solution File, Format Version 12.00
# Visual Studio 15
VisualStudioVersion = 15.0.26403.7
MinimumVisualStudioVersion = 10.0.40219.1
Project("{FAE04EC0-301F-11D3-BF4B-00C04F79EFBC}") = "tdyctw", "tdyctw\tdyctw.csproj", "{E63B0252-E8AE-4E9E-9509-A1986212577A}"
EndProject
Project("{FAE04EC0-301F-11D3-BF4B-00C04F79EFBC}") = "csDelaunay", "csDelaunay\csDelaunay.csproj", "{69DAB9BC-0618-4771-817F-D29231AB1985}"
EndProject
Global
	GlobalSection(SolutionConfigurationPlatforms) = preSolution
		Debug|Any CPU = Debug|Any CPU
		Release|Any CPU = Release|Any CPU
	EndGlobalSection
	GlobalSection(ProjectConfigurationPlatforms) = postSolution
		{E63B0252-E8AE-4E9E-9509-A1986212577A}.Debug|Any CPU.ActiveCfg = Debug|Any CPU
		{E63B0252-E8AE-4E9E-9509-A1986212577A}.Debug|Any CPU.Build.0 = Debug|Any CPU
		{E63B0252-E8AE-4E9E-9509-A1986212577A}.Release|Any CPU.ActiveCfg = Release|Any CPU
		{E63B0252-E8AE-4E9E-9509-A1986212577A}.Release|Any CPU.Build.0 = Release|Any CPU
		{69DAB9BC-0618-4771-817F-D29231AB1985}.Debug|Any CPU.ActiveCfg = Debug|Any CPU
		{69DAB9BC-0618-4771-817F-D29231AB1985}.Debug|Any CPU.Build.0 = Debug|Any CPU
		{69DAB9BC-0618-4771-817F-D29231AB1985}.Release|Any CPU.ActiveCfg = Release|Any CPU
		{69DAB9BC-0618-4771-817F-D29231AB1985}.Release|Any CPU.Build.0 = Release|Any CPU
	EndGlobalSection
	GlobalSection(SolutionProperties) = preSolution
		HideSolutionNode = FALSE
	EndGlobalSection
EndGlobal
